
Microsoft Visual Studio Solution File, Format Version 11.00
# Visual Studio 2010
Project("{FAE04EC0-301F-11D3-BF4B-00C04F79EFBC}") = "Assembly-CSharp", "Assembly-CSharp.csproj", "{E2A9E9C4-9230-2FF9-C626-38D3DA59E1EE}"
EndProject
Global
	GlobalSection(SolutionConfigurationPlatforms) = preSolution
		Debug|Any CPU = Debug|Any CPU
		Release|Any CPU = Release|Any CPU
	EndGlobalSection
	GlobalSection(ProjectConfigurationPlatforms) = postSolution
		{E2A9E9C4-9230-2FF9-C626-38D3DA59E1EE}.Debug|Any CPU.ActiveCfg = Debug|Any CPU
		{E2A9E9C4-9230-2FF9-C626-38D3DA59E1EE}.Debug|Any CPU.Build.0 = Debug|Any CPU
		{E2A9E9C4-9230-2FF9-C626-38D3DA59E1EE}.Release|Any CPU.ActiveCfg = Release|Any CPU
		{E2A9E9C4-9230-2FF9-C626-38D3DA59E1EE}.Release|Any CPU.Build.0 = Release|Any CPU
	EndGlobalSection
	GlobalSection(SolutionProperties) = preSolution
		HideSolutionNode = FALSE
	EndGlobalSection
	GlobalSection(MonoDevelopProperties) = preSolution
		StartupItem = Assembly-CSharp.csproj
	EndGlobalSection
EndGlobal
